
Microsoft Visual Studio Solution File, Format Version 12.00
# Visual Studio 14
VisualStudioVersion = 14.0.25420.1
MinimumVisualStudioVersion = 10.0.40219.1
Project("{FAE04EC0-301F-11D3-BF4B-00C04F79EFBC}") = "GetLBetData", "GetLBetData\GetLBetData.csproj", "{EDD0C05E-D3B2-46E9-A71F-88B441C98CA1}"
EndProject
Global
	GlobalSection(SolutionConfigurationPlatforms) = preSolution
		Debug|Any CPU = Debug|Any CPU
		Release|Any CPU = Release|Any CPU
	EndGlobalSection
	GlobalSection(ProjectConfigurationPlatforms) = postSolution
		{EDD0C05E-D3B2-46E9-A71F-88B441C98CA1}.Debug|Any CPU.ActiveCfg = Debug|Any CPU
		{EDD0C05E-D3B2-46E9-A71F-88B441C98CA1}.Debug|Any CPU.Build.0 = Debug|Any CPU
		{EDD0C05E-D3B2-46E9-A71F-88B441C98CA1}.Release|Any CPU.ActiveCfg = Release|Any CPU
		{EDD0C05E-D3B2-46E9-A71F-88B441C98CA1}.Release|Any CPU.Build.0 = Release|Any CPU
	EndGlobalSection
	GlobalSection(SolutionProperties) = preSolution
		HideSolutionNode = FALSE
	EndGlobalSection
EndGlobal
